{
  "requires": true,
  "lockfileVersion": 1,
  "dependencies": {
    "requirejs": {
      "version": "2.3.2",
      "resolved": "http://visustar.francelab.fr.ibm.com:8081/nexus/content/groups/mobile-npm-all/requirejs/-/requirejs-2.3.2.tgz",
      "integrity": "sha1-DqqHDUx9s7Fd0TIua2WwOI/EssY="
    }
  }
}
