// !$*UTF8*$!
{
	archiveVersion = 1;
	classes = {
	};
	objectVersion = 48;
	objects = {

/* Begin PBXBuildFile section */
		D094BF1D1FB19EAA00A9F763 /* AppDelegate.swift in Sources */ = {isa = PBXBuildFile; fileRef = D094BF1C1FB19EAA00A9F763 /* AppDelegate.swift */; };
		D094BF221FB19EAA00A9F763 /* Main.storyboard in Resources */ = {isa = PBXBuildFile; fileRef = D094BF201FB19EAA00A9F763 /* Main.storyboard */; };
		D094BF241FB19EAA00A9F763 /* Assets.xcassets in Resources */ = {isa = PBXBuildFile; fileRef = D094BF231FB19EAA00A9F763 /* Assets.xcassets */; };
		D094BF271FB19EAA00A9F763 /* LaunchScreen.storyboard in Resources */ = {isa = PBXBuildFile; fileRef = D094BF251FB19EAA00A9F763 /* LaunchScreen.storyboard */; };
		D094BF2F1FB1A23800A9F763 /* LogDisplayViewController.swift in Sources */ = {isa = PBXBuildFile; fileRef = D094BF2E1FB1A23800A9F763 /* LogDisplayViewController.swift */; };
		D094BF311FB1A24000A9F763 /* LoggerViewController.swift in Sources */ = {isa = PBXBuildFile; fileRef = D094BF301FB1A24000A9F763 /* LoggerViewController.swift */; };
		DBB41F59C26D475234E3DE84 /* Pods_TestAnalytics.framework in Frameworks */ = {isa = PBXBuildFile; fileRef = 5D05F9B8851AAA3F9DB125D8 /* Pods_TestAnalytics.framework */; };
/* End PBXBuildFile section */

/* Begin PBXFileReference section */
		09EA55431413C75E4424F4A1 /* Pods-TestAnalytics.release.xcconfig */ = {isa = PBXFileReference; includeInIndex = 1; lastKnownFileType = text.xcconfig; name = "Pods-TestAnalytics.release.xcconfig"; path = "Pods/Target Support Files/Pods-TestAnalytics/Pods-TestAnalytics.release.xcconfig"; sourceTree = "<group>"; };
		5D05F9B8851AAA3F9DB125D8 /* Pods_TestAnalytics.framework */ = {isa = PBXFileReference; explicitFileType = wrapper.framework; includeInIndex = 0; path = Pods_TestAnalytics.framework; sourceTree = BUILT_PRODUCTS_DIR; };
		D094BF191FB19EAA00A9F763 /* TestAnalytics.app */ = {isa = PBXFileReference; explicitFileType = wrapper.application; includeInIndex = 0; path = TestAnalytics.app; sourceTree = BUILT_PRODUCTS_DIR; };
		D094BF1C1FB19EAA00A9F763 /* AppDelegate.swift */ = {isa = PBXFileReference; lastKnownFileType = sourcecode.swift; path = AppDelegate.swift; sourceTree = "<group>"; };
		D094BF211FB19EAA00A9F763 /* Base */ = {isa = PBXFileReference; lastKnownFileType = file.storyboard; name = Base; path = Base.lproj/Main.storyboard; sourceTree = "<group>"; };
		D094BF231FB19EAA00A9F763 /* Assets.xcassets */ = {isa = PBXFileReference; lastKnownFileType = folder.assetcatalog; path = Assets.xcassets; sourceTree = "<group>"; };
		D094BF261FB19EAA00A9F763 /* Base */ = {isa = PBXFileReference; lastKnownFileType = file.storyboard; name = Base; path = Base.lproj/LaunchScreen.storyboard; sourceTree = "<group>"; };
		D094BF281FB19EAA00A9F763 /* Info.plist */ = {isa = PBXFileReference; lastKnownFileType = text.plist.xml; path = Info.plist; sourceTree = "<group>"; };
		D094BF2E1FB1A23800A9F763 /* LogDisplayViewController.swift */ = {isa = PBXFileReference; fileEncoding = 4; lastKnownFileType = sourcecode.swift; path = LogDisplayViewController.swift; sourceTree = "<group>"; };
		D094BF301FB1A24000A9F763 /* LoggerViewController.swift */ = {isa = PBXFileReference; fileEncoding = 4; lastKnownFileType = sourcecode.swift; path = LoggerViewController.swift; sourceTree = "<group>"; };
		FC67F3ADB68996C3432A705B /* Pods-TestAnalytics.debug.xcconfig */ = {isa = PBXFileReference; includeInIndex = 1; lastKnownFileType = text.xcconfig; name = "Pods-TestAnalytics.debug.xcconfig"; path = "Pods/Target Support Files/Pods-TestAnalytics/Pods-TestAnalytics.debug.xcconfig"; sourceTree = "<group>"; };
/* End PBXFileReference section */

/* Begin PBXFrameworksBuildPhase section */
		D094BF161FB19EAA00A9F763 /* Frameworks */ = {
			isa = PBXFrameworksBuildPhase;
			buildActionMask = 2147483647;
			files = (
				DBB41F59C26D475234E3DE84 /* Pods_TestAnalytics.framework in Frameworks */,
			);
			runOnlyForDeploymentPostprocessing = 0;
		};
/* End PBXFrameworksBuildPhase section */

/* Begin PBXGroup section */
		37FC80F0FF7856EEF08960F9 /* Frameworks */ = {
			isa = PBXGroup;
			children = (
				5D05F9B8851AAA3F9DB125D8 /* Pods_TestAnalytics.framework */,
			);
			name = Frameworks;
			sourceTree = "<group>";
		};
		AA5C77007657715E00892FCB /* Pods */ = {
			isa = PBXGroup;
			children = (
				FC67F3ADB68996C3432A705B /* Pods-TestAnalytics.debug.xcconfig */,
				09EA55431413C75E4424F4A1 /* Pods-TestAnalytics.release.xcconfig */,
			);
			name = Pods;
			sourceTree = "<group>";
		};
		D094BF101FB19EA900A9F763 = {
			isa = PBXGroup;
			children = (
				D094BF1B1FB19EAA00A9F763 /* TestAnalytics */,
				D094BF1A1FB19EAA00A9F763 /* Products */,
				AA5C77007657715E00892FCB /* Pods */,
				37FC80F0FF7856EEF08960F9 /* Frameworks */,
			);
			sourceTree = "<group>";
		};
		D094BF1A1FB19EAA00A9F763 /* Products */ = {
			isa = PBXGroup;
			children = (
				D094BF191FB19EAA00A9F763 /* TestAnalytics.app */,
			);
			name = Products;
			sourceTree = "<group>";
		};
		D094BF1B1FB19EAA00A9F763 /* TestAnalytics */ = {
			isa = PBXGroup;
			children = (
				D094BF1C1FB19EAA00A9F763 /* AppDelegate.swift */,
				D094BF2E1FB1A23800A9F763 /* LogDisplayViewController.swift */,
				D094BF301FB1A24000A9F763 /* LoggerViewController.swift */,
				D094BF201FB19EAA00A9F763 /* Main.storyboard */,
				D094BF231FB19EAA00A9F763 /* Assets.xcassets */,
				D094BF251FB19EAA00A9F763 /* LaunchScreen.storyboard */,
				D094BF281FB19EAA00A9F763 /* Info.plist */,
			);
			path = TestAnalytics;
			sourceTree = "<group>";
		};
/* End PBXGroup section */

/* Begin PBXNativeTarget section */
		D094BF181FB19EAA00A9F763 /* TestAnalytics */ = {
			isa = PBXNativeTarget;
			buildConfigurationList = D094BF2B1FB19EAA00A9F763 /* Build configuration list for PBXNativeTarget "TestAnalytics" */;
			buildPhases = (
				2A22A1B6B3A37FB4444AB3C3 /* [CP] Check Pods Manifest.lock */,
				D094BF151FB19EAA00A9F763 /* Sources */,
				D094BF161FB19EAA00A9F763 /* Frameworks */,
				D094BF171FB19EAA00A9F763 /* Resources */,
				0C862B3310468C656F8458FF /* [CP] Embed Pods Frameworks */,
				F2D4FCAD2CFAF1D06DC4D1C8 /* [CP] Copy Pods Resources */,
			);
			buildRules = (
			);
			dependencies = (
			);
			name = TestAnalytics;
			productName = TestAnalytics;
			productReference = D094BF191FB19EAA00A9F763 /* TestAnalytics.app */;
			productType = "com.apple.product-type.application";
		};
/* End PBXNativeTarget section */

/* Begin PBXProject section */
		D094BF111FB19EA900A9F763 /* Project object */ = {
			isa = PBXProject;
			attributes = {
				LastSwiftUpdateCheck = 0900;
				LastUpgradeCheck = 0900;
				ORGANIZATIONNAME = "Krishnendu Saha";
				TargetAttributes = {
					D094BF181FB19EAA00A9F763 = {
						CreatedOnToolsVersion = 9.0.1;
						ProvisioningStyle = Automatic;
					};
				};
			};
			buildConfigurationList = D094BF141FB19EAA00A9F763 /* Build configuration list for PBXProject "TestAnalytics" */;
			compatibilityVersion = "Xcode 8.0";
			developmentRegion = en;
			hasScannedForEncodings = 0;
			knownRegions = (
				en,
				Base,
			);
			mainGroup = D094BF101FB19EA900A9F763;
			productRefGroup = D094BF1A1FB19EAA00A9F763 /* Products */;
			projectDirPath = "";
			projectRoot = "";
			targets = (
				D094BF181FB19EAA00A9F763 /* TestAnalytics */,
			);
		};
/* End PBXProject section */

/* Begin PBXResourcesBuildPhase section */
		D094BF171FB19EAA00A9F763 /* Resources */ = {
			isa = PBXResourcesBuildPhase;
			buildActionMask = 2147483647;
			files = (
				D094BF271FB19EAA00A9F763 /* LaunchScreen.storyboard in Resources */,
				D094BF241FB19EAA00A9F763 /* Assets.xcassets in Resources */,
				D094BF221FB19EAA00A9F763 /* Main.storyboard in Resources */,
			);
			runOnlyForDeploymentPostprocessing = 0;
		};
/* End PBXResourcesBuildPhase section */

/* Begin PBXShellScriptBuildPhase section */
		0C862B3310468C656F8458FF /* [CP] Embed Pods Frameworks */ = {
			isa = PBXShellScriptBuildPhase;
			buildActionMask = 2147483647;
			files = (
			);
			inputPaths = (
				"${SRCROOT}/Pods/Target Support Files/Pods-TestAnalytics/Pods-TestAnalytics-frameworks.sh",
				"${BUILT_PRODUCTS_DIR}/BMSAnalytics/BMSAnalytics.framework",
				"${BUILT_PRODUCTS_DIR}/BMSAnalyticsAPI/BMSAnalyticsAPI.framework",
				"${BUILT_PRODUCTS_DIR}/BMSCore/BMSCore.framework",
			);
			name = "[CP] Embed Pods Frameworks";
			outputPaths = (
				"${TARGET_BUILD_DIR}/${FRAMEWORKS_FOLDER_PATH}/BMSAnalytics.framework",
				"${TARGET_BUILD_DIR}/${FRAMEWORKS_FOLDER_PATH}/BMSAnalyticsAPI.framework",
				"${TARGET_BUILD_DIR}/${FRAMEWORKS_FOLDER_PATH}/BMSCore.framework",
			);
			runOnlyForDeploymentPostprocessing = 0;
			shellPath = /bin/sh;
			shellScript = "\"${SRCROOT}/Pods/Target Support Files/Pods-TestAnalytics/Pods-TestAnalytics-frameworks.sh\"\n";
			showEnvVarsInLog = 0;
		};
		2A22A1B6B3A37FB4444AB3C3 /* [CP] Check Pods Manifest.lock */ = {
			isa = PBXShellScriptBuildPhase;
			buildActionMask = 2147483647;
			files = (
			);
			inputPaths = (
				"${PODS_PODFILE_DIR_PATH}/Podfile.lock",
				"${PODS_ROOT}/Manifest.lock",
			);
			name = "[CP] Check Pods Manifest.lock";
			outputPaths = (
				"$(DERIVED_FILE_DIR)/Pods-TestAnalytics-checkManifestLockResult.txt",
			);
			runOnlyForDeploymentPostprocessing = 0;
			shellPath = /bin/sh;
			shellScript = "diff \"${PODS_PODFILE_DIR_PATH}/Podfile.lock\" \"${PODS_ROOT}/Manifest.lock\" > /dev/null\nif [ $? != 0 ] ; then\n    # print error to STDERR\n    echo \"error: The sandbox is not in sync with the Podfile.lock. Run 'pod install' or update your CocoaPods installation.\" >&2\n    exit 1\nfi\n# This output is used by Xcode 'outputs' to avoid re-running this script phase.\necho \"SUCCESS\" > \"${SCRIPT_OUTPUT_FILE_0}\"\n";
			showEnvVarsInLog = 0;
		};
		F2D4FCAD2CFAF1D06DC4D1C8 /* [CP] Copy Pods Resources */ = {
			isa = PBXShellScriptBuildPhase;
			buildActionMask = 2147483647;
			files = (
			);
			inputPaths = (
			);
			name = "[CP] Copy Pods Resources";
			outputPaths = (
			);
			runOnlyForDeploymentPostprocessing = 0;
			shellPath = /bin/sh;
			shellScript = "\"${SRCROOT}/Pods/Target Support Files/Pods-TestAnalytics/Pods-TestAnalytics-resources.sh\"\n";
			showEnvVarsInLog = 0;
		};
/* End PBXShellScriptBuildPhase section */

/* Begin PBXSourcesBuildPhase section */
		D094BF151FB19EAA00A9F763 /* Sources */ = {
			isa = PBXSourcesBuildPhase;
			buildActionMask = 2147483647;
			files = (
				D094BF2F1FB1A23800A9F763 /* LogDisplayViewController.swift in Sources */,
				D094BF311FB1A24000A9F763 /* LoggerViewController.swift in Sources */,
				D094BF1D1FB19EAA00A9F763 /* AppDelegate.swift in Sources */,
			);
			runOnlyForDeploymentPostprocessing = 0;
		};
/* End PBXSourcesBuildPhase section */

/* Begin PBXVariantGroup section */
		D094BF201FB19EAA00A9F763 /* Main.storyboard */ = {
			isa = PBXVariantGroup;
			children = (
				D094BF211FB19EAA00A9F763 /* Base */,
			);
			name = Main.storyboard;
			sourceTree = "<group>";
		};
		D094BF251FB19EAA00A9F763 /* LaunchScreen.storyboard */ = {
			isa = PBXVariantGroup;
			children = (
				D094BF261FB19EAA00A9F763 /* Base */,
			);
			name = LaunchScreen.storyboard;
			sourceTree = "<group>";
		};
/* End PBXVariantGroup section */

/* Begin XCBuildConfiguration section */
		D094BF291FB19EAA00A9F763 /* Debug */ = {
			isa = XCBuildConfiguration;
			buildSettings = {
				ALWAYS_SEARCH_USER_PATHS = NO;
				CLANG_ANALYZER_NONNULL = YES;
				CLANG_ANALYZER_NUMBER_OBJECT_CONVERSION = YES_AGGRESSIVE;
				CLANG_CXX_LANGUAGE_STANDARD = "gnu++14";
				CLANG_CXX_LIBRARY = "libc++";
				CLANG_ENABLE_MODULES = YES;
				CLANG_ENABLE_OBJC_ARC = YES;
				CLANG_WARN_BLOCK_CAPTURE_AUTORELEASING = YES;
				CLANG_WARN_BOOL_CONVERSION = YES;
				CLANG_WARN_COMMA = YES;
				CLANG_WARN_CONSTANT_CONVERSION = YES;
				CLANG_WARN_DIRECT_OBJC_ISA_USAGE = YES_ERROR;
				CLANG_WARN_DOCUMENTATION_COMMENTS = YES;
				CLANG_WARN_EMPTY_BODY = YES;
				CLANG_WARN_ENUM_CONVERSION = YES;
				CLANG_WARN_INFINITE_RECURSION = YES;
				CLANG_WARN_INT_CONVERSION = YES;
				CLANG_WARN_NON_LITERAL_NULL_CONVERSION = YES;
				CLANG_WARN_OBJC_LITERAL_CONVERSION = YES;
				CLANG_WARN_OBJC_ROOT_CLASS = YES_ERROR;
				CLANG_WARN_RANGE_LOOP_ANALYSIS = YES;
				CLANG_WARN_STRICT_PROTOTYPES = YES;
				CLANG_WARN_SUSPICIOUS_MOVE = YES;
				CLANG_WARN_UNGUARDED_AVAILABILITY = YES_AGGRESSIVE;
				CLANG_WARN_UNREACHABLE_CODE = YES;
				CLANG_WARN__DUPLICATE_METHOD_MATCH = YES;
				CODE_SIGN_IDENTITY = "iPhone Developer";
				COPY_PHASE_STRIP = NO;
				DEBUG_INFORMATION_FORMAT = dwarf;
				ENABLE_STRICT_OBJC_MSGSEND = YES;
				ENABLE_TESTABILITY = YES;
				GCC_C_LANGUAGE_STANDARD = gnu11;
				GCC_DYNAMIC_NO_PIC = NO;
				GCC_NO_COMMON_BLOCKS = YES;
				GCC_OPTIMIZATION_LEVEL = 0;
				GCC_PREPROCESSOR_DEFINITIONS = (
					"DEBUG=1",
					"$(inherited)",
				);
				GCC_WARN_64_TO_32_BIT_CONVERSION = YES;
				GCC_WARN_ABOUT_RETURN_TYPE = YES_ERROR;
				GCC_WARN_UNDECLARED_SELECTOR = YES;
				GCC_WARN_UNINITIALIZED_AUTOS = YES_AGGRESSIVE;
				GCC_WARN_UNUSED_FUNCTION = YES;
				GCC_WARN_UNUSED_VARIABLE = YES;
				IPHONEOS_DEPLOYMENT_TARGET = 11.0;
				MTL_ENABLE_DEBUG_INFO = YES;
				ONLY_ACTIVE_ARCH = YES;
				SDKROOT = iphoneos;
				SWIFT_ACTIVE_COMPILATION_CONDITIONS = DEBUG;
				SWIFT_OPTIMIZATION_LEVEL = "-Onone";
			};
			name = Debug;
		};
		D094BF2A1FB19EAA00A9F763 /* Release */ = {
			isa = XCBuildConfiguration;
			buildSettings = {
				ALWAYS_SEARCH_USER_PATHS = NO;
				CLANG_ANALYZER_NONNULL = YES;
				CLANG_ANALYZER_NUMBER_OBJECT_CONVERSION = YES_AGGRESSIVE;
				CLANG_CXX_LANGUAGE_STANDARD = "gnu++14";
				CLANG_CXX_LIBRARY = "libc++";
				CLANG_ENABLE_MODULES = YES;
				CLANG_ENABLE_OBJC_ARC = YES;
				CLANG_WARN_BLOCK_CAPTURE_AUTORELEASING = YES;
				CLANG_WARN_BOOL_CONVERSION = YES;
				CLANG_WARN_COMMA = YES;
				CLANG_WARN_CONSTANT_CONVERSION = YES;
				CLANG_WARN_DIRECT_OBJC_ISA_USAGE = YES_ERROR;
				CLANG_WARN_DOCUMENTATION_COMMENTS = YES;
				CLANG_WARN_EMPTY_BODY = YES;
				CLANG_WARN_ENUM_CONVERSION = YES;
				CLANG_WARN_INFINITE_RECURSION = YES;
				CLANG_WARN_INT_CONVERSION = YES;
				CLANG_WARN_NON_LITERAL_NULL_CONVERSION = YES;
				CLANG_WARN_OBJC_LITERAL_CONVERSION = YES;
				CLANG_WARN_OBJC_ROOT_CLASS = YES_ERROR;
				CLANG_WARN_RANGE_LOOP_ANALYSIS = YES;
				CLANG_WARN_STRICT_PROTOTYPES = YES;
				CLANG_WARN_SUSPICIOUS_MOVE = YES;
				CLANG_WARN_UNGUARDED_AVAILABILITY = YES_AGGRESSIVE;
				CLANG_WARN_UNREACHABLE_CODE = YES;
				CLANG_WARN__DUPLICATE_METHOD_MATCH = YES;
				CODE_SIGN_IDENTITY = "iPhone Developer";
				COPY_PHASE_STRIP = NO;
				DEBUG_INFORMATION_FORMAT = "dwarf-with-dsym";
				ENABLE_NS_ASSERTIONS = NO;
				ENABLE_STRICT_OBJC_MSGSEND = YES;
				GCC_C_LANGUAGE_STANDARD = gnu11;
				GCC_NO_COMMON_BLOCKS = YES;
				GCC_WARN_64_TO_32_BIT_CONVERSION = YES;
				GCC_WARN_ABOUT_RETURN_TYPE = YES_ERROR;
				GCC_WARN_UNDECLARED_SELECTOR = YES;
				GCC_WARN_UNINITIALIZED_AUTOS = YES_AGGRESSIVE;
				GCC_WARN_UNUSED_FUNCTION = YES;
				GCC_WARN_UNUSED_VARIABLE = YES;
				IPHONEOS_DEPLOYMENT_TARGET = 11.0;
				MTL_ENABLE_DEBUG_INFO = NO;
				SDKROOT = iphoneos;
				SWIFT_OPTIMIZATION_LEVEL = "-Owholemodule";
				VALIDATE_PRODUCT = YES;
			};
			name = Release;
		};
		D094BF2C1FB19EAA00A9F763 /* Debug */ = {
			isa = XCBuildConfiguration;
			baseConfigurationReference = FC67F3ADB68996C3432A705B /* Pods-TestAnalytics.debug.xcconfig */;
			buildSettings = {
				ASSETCATALOG_COMPILER_APPICON_NAME = AppIcon;
				CODE_SIGN_STYLE = Automatic;
				DEVELOPMENT_TEAM = GJ3E49A8LA;
				INFOPLIST_FILE = TestAnalytics/Info.plist;
				IPHONEOS_DEPLOYMENT_TARGET = 10.1;
				LD_RUNPATH_SEARCH_PATHS = "$(inherited) @executable_path/Frameworks";
				PRODUCT_BUNDLE_IDENTIFIER = IBM.TestAnalytics;
				PRODUCT_NAME = "$(TARGET_NAME)";
				SWIFT_VERSION = 3.0;
				TARGETED_DEVICE_FAMILY = "1,2";
			};
			name = Debug;
		};
		D094BF2D1FB19EAA00A9F763 /* Release */ = {
			isa = XCBuildConfiguration;
			baseConfigurationReference = 09EA55431413C75E4424F4A1 /* Pods-TestAnalytics.release.xcconfig */;
			buildSettings = {
				ASSETCATALOG_COMPILER_APPICON_NAME = AppIcon;
				CODE_SIGN_STYLE = Automatic;
				DEVELOPMENT_TEAM = GJ3E49A8LA;
				INFOPLIST_FILE = TestAnalytics/Info.plist;
				IPHONEOS_DEPLOYMENT_TARGET = 10.1;
				LD_RUNPATH_SEARCH_PATHS = "$(inherited) @executable_path/Frameworks";
				PRODUCT_BUNDLE_IDENTIFIER = IBM.TestAnalytics;
				PRODUCT_NAME = "$(TARGET_NAME)";
				SWIFT_VERSION = 3.0;
				TARGETED_DEVICE_FAMILY = "1,2";
			};
			name = Release;
		};
/* End XCBuildConfiguration section */

/* Begin XCConfigurationList section */
		D094BF141FB19EAA00A9F763 /* Build configuration list for PBXProject "TestAnalytics" */ = {
			isa = XCConfigurationList;
			buildConfigurations = (
				D094BF291FB19EAA00A9F763 /* Debug */,
				D094BF2A1FB19EAA00A9F763 /* Release */,
			);
			defaultConfigurationIsVisible = 0;
			defaultConfigurationName = Release;
		};
		D094BF2B1FB19EAA00A9F763 /* Build configuration list for PBXNativeTarget "TestAnalytics" */ = {
			isa = XCConfigurationList;
			buildConfigurations = (
				D094BF2C1FB19EAA00A9F763 /* Debug */,
				D094BF2D1FB19EAA00A9F763 /* Release */,
			);
			defaultConfigurationIsVisible = 0;
			defaultConfigurationName = Release;
		};
/* End XCConfigurationList section */
	};
	rootObject = D094BF111FB19EA900A9F763 /* Project object */;
}
